// !$*UTF8*$!
{
	archiveVersion = 1;
	classes = {
	};
	objectVersion = 56;
	objects = {

/* Begin PBXBuildFile section */
		574CB6042A4FDB3200E54E6B /* ExampleApp.swift in Sources */ = {isa = PBXBuildFile; fileRef = 574CB6032A4FDB3200E54E6B /* ExampleApp.swift */; };
		574CB6062A4FDB3200E54E6B /* ContentView.swift in Sources */ = {isa = PBXBuildFile; fileRef = 574CB6052A4FDB3200E54E6B /* ContentView.swift */; };
		574CB6082A4FDB3300E54E6B /* Assets.xcassets in Resources */ = {isa = PBXBuildFile; fileRef = 574CB6072A4FDB3300E54E6B /* Assets.xcassets */; };
		574CB60C2A4FDB3300E54E6B /* Preview Assets.xcassets in Resources */ = {isa = PBXBuildFile; fileRef = 574CB60B2A4FDB3300E54E6B /* Preview Assets.xcassets */; };
		574CB6162A4FDB3300E54E6B /* ExampleTests.swift in Sources */ = {isa = PBXBuildFile; fileRef = 574CB6152A4FDB3300E54E6B /* ExampleTests.swift */; };
		574CB6202A4FDB3300E54E6B /* ExampleUITests.swift in Sources */ = {isa = PBXBuildFile; fileRef = 574CB61F2A4FDB3300E54E6B /* ExampleUITests.swift */; };
		574CB6222A4FDB3300E54E6B /* ExampleUITestsLaunchTests.swift in Sources */ = {isa = PBXBuildFile; fileRef = 574CB6212A4FDB3300E54E6B /* ExampleUITestsLaunchTests.swift */; };
		574CB6302A4FDB5C00E54E6B /* StreamAudio in Frameworks */ = {isa = PBXBuildFile; productRef = 574CB62F2A4FDB5C00E54E6B /* StreamAudio */; };
		574CB6332A4FDB9000E54E6B /* StreamAudio in Frameworks */ = {isa = PBXBuildFile; productRef = 574CB6322A4FDB9000E54E6B /* StreamAudio */; };
		574CB6362A4FDC4900E54E6B /* StreamAudio in Frameworks */ = {isa = PBXBuildFile; productRef = 574CB6352A4FDC4900E54E6B /* StreamAudio */; };
/* End PBXBuildFile section */

/* Begin PBXContainerItemProxy section */
		574CB6122A4FDB3300E54E6B /* PBXContainerItemProxy */ = {
			isa = PBXContainerItemProxy;
			containerPortal = 574CB5F82A4FDB3200E54E6B /* Project object */;
			proxyType = 1;
			remoteGlobalIDString = 574CB5FF2A4FDB3200E54E6B;
			remoteInfo = Example;
		};
		574CB61C2A4FDB3300E54E6B /* PBXContainerItemProxy */ = {
			isa = PBXContainerItemProxy;
			containerPortal = 574CB5F82A4FDB3200E54E6B /* Project object */;
			proxyType = 1;
			remoteGlobalIDString = 574CB5FF2A4FDB3200E54E6B;
			remoteInfo = Example;
		};
/* End PBXContainerItemProxy section */

/* Begin PBXFileReference section */
		574CB6002A4FDB3200E54E6B /* Example.app */ = {isa = PBXFileReference; explicitFileType = wrapper.application; includeInIndex = 0; path = Example.app; sourceTree = BUILT_PRODUCTS_DIR; };
		574CB6032A4FDB3200E54E6B /* ExampleApp.swift */ = {isa = PBXFileReference; lastKnownFileType = sourcecode.swift; path = ExampleApp.swift; sourceTree = "<group>"; };
		574CB6052A4FDB3200E54E6B /* ContentView.swift */ = {isa = PBXFileReference; lastKnownFileType = sourcecode.swift; path = ContentView.swift; sourceTree = "<group>"; };
		574CB6072A4FDB3300E54E6B /* Assets.xcassets */ = {isa = PBXFileReference; lastKnownFileType = folder.assetcatalog; path = Assets.xcassets; sourceTree = "<group>"; };
		574CB6092A4FDB3300E54E6B /* Example.entitlements */ = {isa = PBXFileReference; lastKnownFileType = text.plist.entitlements; path = Example.entitlements; sourceTree = "<group>"; };
		574CB60B2A4FDB3300E54E6B /* Preview Assets.xcassets */ = {isa = PBXFileReference; lastKnownFileType = folder.assetcatalog; path = "Preview Assets.xcassets"; sourceTree = "<group>"; };
		574CB6112A4FDB3300E54E6B /* ExampleTests.xctest */ = {isa = PBXFileReference; explicitFileType = wrapper.cfbundle; includeInIndex = 0; path = ExampleTests.xctest; sourceTree = BUILT_PRODUCTS_DIR; };
		574CB6152A4FDB3300E54E6B /* ExampleTests.swift */ = {isa = PBXFileReference; lastKnownFileType = sourcecode.swift; path = ExampleTests.swift; sourceTree = "<group>"; };
		574CB61B2A4FDB3300E54E6B /* ExampleUITests.xctest */ = {isa = PBXFileReference; explicitFileType = wrapper.cfbundle; includeInIndex = 0; path = ExampleUITests.xctest; sourceTree = BUILT_PRODUCTS_DIR; };
		574CB61F2A4FDB3300E54E6B /* ExampleUITests.swift */ = {isa = PBXFileReference; lastKnownFileType = sourcecode.swift; path = ExampleUITests.swift; sourceTree = "<group>"; };
		574CB6212A4FDB3300E54E6B /* ExampleUITestsLaunchTests.swift */ = {isa = PBXFileReference; lastKnownFileType = sourcecode.swift; path = ExampleUITestsLaunchTests.swift; sourceTree = "<group>"; };
		574CB6372A4FDCEB00E54E6B /* StreamAudio */ = {isa = PBXFileReference; lastKnownFileType = wrapper; name = StreamAudio; path = ..; sourceTree = "<group>"; };
/* End PBXFileReference section */

/* Begin PBXFrameworksBuildPhase section */
		574CB5FD2A4FDB3200E54E6B /* Frameworks */ = {
			isa = PBXFrameworksBuildPhase;
			buildActionMask = 2147483647;
			files = (
				574CB6362A4FDC4900E54E6B /* StreamAudio in Frameworks */,
				574CB6302A4FDB5C00E54E6B /* StreamAudio in Frameworks */,
				574CB6332A4FDB9000E54E6B /* StreamAudio in Frameworks */,
			);
			runOnlyForDeploymentPostprocessing = 0;
		};
		574CB60E2A4FDB3300E54E6B /* Frameworks */ = {
			isa = PBXFrameworksBuildPhase;
			buildActionMask = 2147483647;
			files = (
			);
			runOnlyForDeploymentPostprocessing = 0;
		};
		574CB6182A4FDB3300E54E6B /* Frameworks */ = {
			isa = PBXFrameworksBuildPhase;
			buildActionMask = 2147483647;
			files = (
			);
			runOnlyForDeploymentPostprocessing = 0;
		};
/* End PBXFrameworksBuildPhase section */

/* Begin PBXGroup section */
		574CB5F72A4FDB3200E54E6B = {
			isa = PBXGroup;
			children = (
				574CB6372A4FDCEB00E54E6B /* StreamAudio */,
				574CB6022A4FDB3200E54E6B /* Example */,
				574CB6142A4FDB3300E54E6B /* ExampleTests */,
				574CB61E2A4FDB3300E54E6B /* ExampleUITests */,
				574CB6012A4FDB3200E54E6B /* Products */,
			);
			sourceTree = "<group>";
		};
		574CB6012A4FDB3200E54E6B /* Products */ = {
			isa = PBXGroup;
			children = (
				574CB6002A4FDB3200E54E6B /* Example.app */,
				574CB6112A4FDB3300E54E6B /* ExampleTests.xctest */,
				574CB61B2A4FDB3300E54E6B /* ExampleUITests.xctest */,
			);
			name = Products;
			sourceTree = "<group>";
		};
		574CB6022A4FDB3200E54E6B /* Example */ = {
			isa = PBXGroup;
			children = (
				574CB6032A4FDB3200E54E6B /* ExampleApp.swift */,
				574CB6052A4FDB3200E54E6B /* ContentView.swift */,
				574CB6072A4FDB3300E54E6B /* Assets.xcassets */,
				574CB6092A4FDB3300E54E6B /* Example.entitlements */,
				574CB60A2A4FDB3300E54E6B /* Preview Content */,
			);
			path = Example;
			sourceTree = "<group>";
		};
		574CB60A2A4FDB3300E54E6B /* Preview Content */ = {
			isa = PBXGroup;
			children = (
				574CB60B2A4FDB3300E54E6B /* Preview Assets.xcassets */,
			);
			path = "Preview Content";
			sourceTree = "<group>";
		};
		574CB6142A4FDB3300E54E6B /* ExampleTests */ = {
			isa = PBXGroup;
			children = (
				574CB6152A4FDB3300E54E6B /* ExampleTests.swift */,
			);
			path = ExampleTests;
			sourceTree = "<group>";
		};
		574CB61E2A4FDB3300E54E6B /* ExampleUITests */ = {
			isa = PBXGroup;
			children = (
				574CB61F2A4FDB3300E54E6B /* ExampleUITests.swift */,
				574CB6212A4FDB3300E54E6B /* ExampleUITestsLaunchTests.swift */,
			);
			path = ExampleUITests;
			sourceTree = "<group>";
		};
/* End PBXGroup section */

/* Begin PBXNativeTarget section */
		574CB5FF2A4FDB3200E54E6B /* Example */ = {
			isa = PBXNativeTarget;
			buildConfigurationList = 574CB6252A4FDB3300E54E6B /* Build configuration list for PBXNativeTarget "Example" */;
			buildPhases = (
				574CB5FC2A4FDB3200E54E6B /* Sources */,
				574CB5FD2A4FDB3200E54E6B /* Frameworks */,
				574CB5FE2A4FDB3200E54E6B /* Resources */,
			);
			buildRules = (
			);
			dependencies = (
			);
			name = Example;
			packageProductDependencies = (
				574CB62F2A4FDB5C00E54E6B /* StreamAudio */,
				574CB6322A4FDB9000E54E6B /* StreamAudio */,
				574CB6352A4FDC4900E54E6B /* StreamAudio */,
			);
			productName = Example;
			productReference = 574CB6002A4FDB3200E54E6B /* Example.app */;
			productType = "com.apple.product-type.application";
		};
		574CB6102A4FDB3300E54E6B /* ExampleTests */ = {
			isa = PBXNativeTarget;
			buildConfigurationList = 574CB6282A4FDB3300E54E6B /* Build configuration list for PBXNativeTarget "ExampleTests" */;
			buildPhases = (
				574CB60D2A4FDB3300E54E6B /* Sources */,
				574CB60E2A4FDB3300E54E6B /* Frameworks */,
				574CB60F2A4FDB3300E54E6B /* Resources */,
			);
			buildRules = (
			);
			dependencies = (
				574CB6132A4FDB3300E54E6B /* PBXTargetDependency */,
			);
			name = ExampleTests;
			productName = ExampleTests;
			productReference = 574CB6112A4FDB3300E54E6B /* ExampleTests.xctest */;
			productType = "com.apple.product-type.bundle.unit-test";
		};
		574CB61A2A4FDB3300E54E6B /* ExampleUITests */ = {
			isa = PBXNativeTarget;
			buildConfigurationList = 574CB62B2A4FDB3300E54E6B /* Build configuration list for PBXNativeTarget "ExampleUITests" */;
			buildPhases = (
				574CB6172A4FDB3300E54E6B /* Sources */,
				574CB6182A4FDB3300E54E6B /* Frameworks */,
				574CB6192A4FDB3300E54E6B /* Resources */,
			);
			buildRules = (
			);
			dependencies = (
				574CB61D2A4FDB3300E54E6B /* PBXTargetDependency */,
			);
			name = ExampleUITests;
			productName = ExampleUITests;
			productReference = 574CB61B2A4FDB3300E54E6B /* ExampleUITests.xctest */;
			productType = "com.apple.product-type.bundle.ui-testing";
		};
/* End PBXNativeTarget section */

/* Begin PBXProject section */
		574CB5F82A4FDB3200E54E6B /* Project object */ = {
			isa = PBXProject;
			attributes = {
				BuildIndependentTargetsInParallel = 1;
				LastSwiftUpdateCheck = 1500;
				LastUpgradeCheck = 1500;
				TargetAttributes = {
					574CB5FF2A4FDB3200E54E6B = {
						CreatedOnToolsVersion = 15.0;
					};
					574CB6102A4FDB3300E54E6B = {
						CreatedOnToolsVersion = 15.0;
						TestTargetID = 574CB5FF2A4FDB3200E54E6B;
					};
					574CB61A2A4FDB3300E54E6B = {
						CreatedOnToolsVersion = 15.0;
						TestTargetID = 574CB5FF2A4FDB3200E54E6B;
					};
				};
			};
			buildConfigurationList = 574CB5FB2A4FDB3200E54E6B /* Build configuration list for PBXProject "Example" */;
			compatibilityVersion = "Xcode 14.0";
			developmentRegion = en;
			hasScannedForEncodings = 0;
			knownRegions = (
				en,
				Base,
			);
			mainGroup = 574CB5F72A4FDB3200E54E6B;
			packageReferences = (
			);
			productRefGroup = 574CB6012A4FDB3200E54E6B /* Products */;
			projectDirPath = "";
			projectRoot = "";
			targets = (
				574CB5FF2A4FDB3200E54E6B /* Example */,
				574CB6102A4FDB3300E54E6B /* ExampleTests */,
				574CB61A2A4FDB3300E54E6B /* ExampleUITests */,
			);
		};
/* End PBXProject section */

/* Begin PBXResourcesBuildPhase section */
		574CB5FE2A4FDB3200E54E6B /* Resources */ = {
			isa = PBXResourcesBuildPhase;
			buildActionMask = 2147483647;
			files = (
				574CB60C2A4FDB3300E54E6B /* Preview Assets.xcassets in Resources */,
				574CB6082A4FDB3300E54E6B /* Assets.xcassets in Resources */,
			);
			runOnlyForDeploymentPostprocessing = 0;
		};
		574CB60F2A4FDB3300E54E6B /* Resources */ = {
			isa = PBXResourcesBuildPhase;
			buildActionMask = 2147483647;
			files = (
			);
			runOnlyForDeploymentPostprocessing = 0;
		};
		574CB6192A4FDB3300E54E6B /* Resources */ = {
			isa = PBXResourcesBuildPhase;
			buildActionMask = 2147483647;
			files = (
			);
			runOnlyForDeploymentPostprocessing = 0;
		};
/* End PBXResourcesBuildPhase section */

/* Begin PBXSourcesBuildPhase section */
		574CB5FC2A4FDB3200E54E6B /* Sources */ = {
			isa = PBXSourcesBuildPhase;
			buildActionMask = 2147483647;
			files = (
				574CB6062A4FDB3200E54E6B /* ContentView.swift in Sources */,
				574CB6042A4FDB3200E54E6B /* ExampleApp.swift in Sources */,
			);
			runOnlyForDeploymentPostprocessing = 0;
		};
		574CB60D2A4FDB3300E54E6B /* Sources */ = {
			isa = PBXSourcesBuildPhase;
			buildActionMask = 2147483647;
			files = (
				574CB6162A4FDB3300E54E6B /* ExampleTests.swift in Sources */,
			);
			runOnlyForDeploymentPostprocessing = 0;
		};
		574CB6172A4FDB3300E54E6B /* Sources */ = {
			isa = PBXSourcesBuildPhase;
			buildActionMask = 2147483647;
			files = (
				574CB6202A4FDB3300E54E6B /* ExampleUITests.swift in Sources */,
				574CB6222A4FDB3300E54E6B /* ExampleUITestsLaunchTests.swift in Sources */,
			);
			runOnlyForDeploymentPostprocessing = 0;
		};
/* End PBXSourcesBuildPhase section */

/* Begin PBXTargetDependency section */
		574CB6132A4FDB3300E54E6B /* PBXTargetDependency */ = {
			isa = PBXTargetDependency;
			target = 574CB5FF2A4FDB3200E54E6B /* Example */;
			targetProxy = 574CB6122A4FDB3300E54E6B /* PBXContainerItemProxy */;
		};
		574CB61D2A4FDB3300E54E6B /* PBXTargetDependency */ = {
			isa = PBXTargetDependency;
			target = 574CB5FF2A4FDB3200E54E6B /* Example */;
			targetProxy = 574CB61C2A4FDB3300E54E6B /* PBXContainerItemProxy */;
		};
/* End PBXTargetDependency section */

/* Begin XCBuildConfiguration section */
		574CB6232A4FDB3300E54E6B /* Debug */ = {
			isa = XCBuildConfiguration;
			buildSettings = {
				ALWAYS_SEARCH_USER_PATHS = NO;
				ASSETCATALOG_COMPILER_GENERATE_SWIFT_ASSET_SYMBOL_EXTENSIONS = YES;
				CLANG_ANALYZER_NONNULL = YES;
				CLANG_ANALYZER_NUMBER_OBJECT_CONVERSION = YES_AGGRESSIVE;
				CLANG_CXX_LANGUAGE_STANDARD = "gnu++20";
				CLANG_ENABLE_MODULES = YES;
				CLANG_ENABLE_OBJC_ARC = YES;
				CLANG_ENABLE_OBJC_WEAK = YES;
				CLANG_WARN_BLOCK_CAPTURE_AUTORELEASING = YES;
				CLANG_WARN_BOOL_CONVERSION = YES;
				CLANG_WARN_COMMA = YES;
				CLANG_WARN_CONSTANT_CONVERSION = YES;
				CLANG_WARN_DEPRECATED_OBJC_IMPLEMENTATIONS = YES;
				CLANG_WARN_DIRECT_OBJC_ISA_USAGE = YES_ERROR;
				CLANG_WARN_DOCUMENTATION_COMMENTS = YES;
				CLANG_WARN_EMPTY_BODY = YES;
				CLANG_WARN_ENUM_CONVERSION = YES;
				CLANG_WARN_INFINITE_RECURSION = YES;
				CLANG_WARN_INT_CONVERSION = YES;
				CLANG_WARN_NON_LITERAL_NULL_CONVERSION = YES;
				CLANG_WARN_OBJC_IMPLICIT_RETAIN_SELF = YES;
				CLANG_WARN_OBJC_LITERAL_CONVERSION = YES;
				CLANG_WARN_OBJC_ROOT_CLASS = YES_ERROR;
				CLANG_WARN_QUOTED_INCLUDE_IN_FRAMEWORK_HEADER = YES;
				CLANG_WARN_RANGE_LOOP_ANALYSIS = YES;
				CLANG_WARN_STRICT_PROTOTYPES = YES;
				CLANG_WARN_SUSPICIOUS_MOVE = YES;
				CLANG_WARN_UNGUARDED_AVAILABILITY = YES_AGGRESSIVE;
				CLANG_WARN_UNREACHABLE_CODE = YES;
				CLANG_WARN__DUPLICATE_METHOD_MATCH = YES;
				COPY_PHASE_STRIP = NO;
				DEBUG_INFORMATION_FORMAT = dwarf;
				ENABLE_STRICT_OBJC_MSGSEND = YES;
				ENABLE_TESTABILITY = YES;
				ENABLE_USER_SCRIPT_SANDBOXING = YES;
				GCC_C_LANGUAGE_STANDARD = gnu17;
				GCC_DYNAMIC_NO_PIC = NO;
				GCC_NO_COMMON_BLOCKS = YES;
				GCC_OPTIMIZATION_LEVEL = 0;
				GCC_PREPROCESSOR_DEFINITIONS = (
					"DEBUG=1",
					"$(inherited)",
				);
				GCC_WARN_64_TO_32_BIT_CONVERSION = YES;
				GCC_WARN_ABOUT_RETURN_TYPE = YES_ERROR;
				GCC_WARN_UNDECLARED_SELECTOR = YES;
				GCC_WARN_UNINITIALIZED_AUTOS = YES_AGGRESSIVE;
				GCC_WARN_UNUSED_FUNCTION = YES;
				GCC_WARN_UNUSED_VARIABLE = YES;
				LOCALIZATION_PREFERS_STRING_CATALOGS = YES;
				MTL_ENABLE_DEBUG_INFO = INCLUDE_SOURCE;
				MTL_FAST_MATH = YES;
				ONLY_ACTIVE_ARCH = YES;
				SWIFT_ACTIVE_COMPILATION_CONDITIONS = "DEBUG $(inherited)";
				SWIFT_OPTIMIZATION_LEVEL = "-Onone";
			};
			name = Debug;
		};
		574CB6242A4FDB3300E54E6B /* Release */ = {
			isa = XCBuildConfiguration;
			buildSettings = {
				ALWAYS_SEARCH_USER_PATHS = NO;
				ASSETCATALOG_COMPILER_GENERATE_SWIFT_ASSET_SYMBOL_EXTENSIONS = YES;
				CLANG_ANALYZER_NONNULL = YES;
				CLANG_ANALYZER_NUMBER_OBJECT_CONVERSION = YES_AGGRESSIVE;
				CLANG_CXX_LANGUAGE_STANDARD = "gnu++20";
				CLANG_ENABLE_MODULES = YES;
				CLANG_ENABLE_OBJC_ARC = YES;
				CLANG_ENABLE_OBJC_WEAK = YES;
				CLANG_WARN_BLOCK_CAPTURE_AUTORELEASING = YES;
				CLANG_WARN_BOOL_CONVERSION = YES;
				CLANG_WARN_COMMA = YES;
				CLANG_WARN_CONSTANT_CONVERSION = YES;
				CLANG_WARN_DEPRECATED_OBJC_IMPLEMENTATIONS = YES;
				CLANG_WARN_DIRECT_OBJC_ISA_USAGE = YES_ERROR;
				CLANG_WARN_DOCUMENTATION_COMMENTS = YES;
				CLANG_WARN_EMPTY_BODY = YES;
				CLANG_WARN_ENUM_CONVERSION = YES;
				CLANG_WARN_INFINITE_RECURSION = YES;
				CLANG_WARN_INT_CONVERSION = YES;
				CLANG_WARN_NON_LITERAL_NULL_CONVERSION = YES;
				CLANG_WARN_OBJC_IMPLICIT_RETAIN_SELF = YES;
				CLANG_WARN_OBJC_LITERAL_CONVERSION = YES;
				CLANG_WARN_OBJC_ROOT_CLASS = YES_ERROR;
				CLANG_WARN_QUOTED_INCLUDE_IN_FRAMEWORK_HEADER = YES;
				CLANG_WARN_RANGE_LOOP_ANALYSIS = YES;
				CLANG_WARN_STRICT_PROTOTYPES = YES;
				CLANG_WARN_SUSPICIOUS_MOVE = YES;
				CLANG_WARN_UNGUARDED_AVAILABILITY = YES_AGGRESSIVE;
				CLANG_WARN_UNREACHABLE_CODE = YES;
				CLANG_WARN__DUPLICATE_METHOD_MATCH = YES;
				COPY_PHASE_STRIP = NO;
				DEBUG_INFORMATION_FORMAT = "dwarf-with-dsym";
				ENABLE_NS_ASSERTIONS = NO;
				ENABLE_STRICT_OBJC_MSGSEND = YES;
				ENABLE_USER_SCRIPT_SANDBOXING = YES;
				GCC_C_LANGUAGE_STANDARD = gnu17;
				GCC_NO_COMMON_BLOCKS = YES;
				GCC_WARN_64_TO_32_BIT_CONVERSION = YES;
				GCC_WARN_ABOUT_RETURN_TYPE = YES_ERROR;
				GCC_WARN_UNDECLARED_SELECTOR = YES;
				GCC_WARN_UNINITIALIZED_AUTOS = YES_AGGRESSIVE;
				GCC_WARN_UNUSED_FUNCTION = YES;
				GCC_WARN_UNUSED_VARIABLE = YES;
				LOCALIZATION_PREFERS_STRING_CATALOGS = YES;
				MTL_ENABLE_DEBUG_INFO = NO;
				MTL_FAST_MATH = YES;
				SWIFT_COMPILATION_MODE = wholemodule;
			};
			name = Release;
		};
		574CB6262A4FDB3300E54E6B /* Debug */ = {
			isa = XCBuildConfiguration;
			buildSettings = {
				ASSETCATALOG_COMPILER_APPICON_NAME = AppIcon;
				ASSETCATALOG_COMPILER_GLOBAL_ACCENT_COLOR_NAME = AccentColor;
				CODE_SIGN_ENTITLEMENTS = Example/Example.entitlements;
				CODE_SIGN_STYLE = Automatic;
				CURRENT_PROJECT_VERSION = 1;
				DEVELOPMENT_ASSET_PATHS = "\"Example/Preview Content\"";
				DEVELOPMENT_TEAM = 6NVVN7F4WA;
				ENABLE_HARDENED_RUNTIME = YES;
				ENABLE_PREVIEWS = YES;
				GENERATE_INFOPLIST_FILE = YES;
				"INFOPLIST_KEY_UIApplicationSceneManifest_Generation[sdk=iphoneos*]" = YES;
				"INFOPLIST_KEY_UIApplicationSceneManifest_Generation[sdk=iphonesimulator*]" = YES;
				"INFOPLIST_KEY_UIApplicationSupportsIndirectInputEvents[sdk=iphoneos*]" = YES;
				"INFOPLIST_KEY_UIApplicationSupportsIndirectInputEvents[sdk=iphonesimulator*]" = YES;
				"INFOPLIST_KEY_UILaunchScreen_Generation[sdk=iphoneos*]" = YES;
				"INFOPLIST_KEY_UILaunchScreen_Generation[sdk=iphonesimulator*]" = YES;
				"INFOPLIST_KEY_UIStatusBarStyle[sdk=iphoneos*]" = UIStatusBarStyleDefault;
				"INFOPLIST_KEY_UIStatusBarStyle[sdk=iphonesimulator*]" = UIStatusBarStyleDefault;
				INFOPLIST_KEY_UISupportedInterfaceOrientations_iPad = "UIInterfaceOrientationPortrait UIInterfaceOrientationPortraitUpsideDown UIInterfaceOrientationLandscapeLeft UIInterfaceOrientationLandscapeRight";
				INFOPLIST_KEY_UISupportedInterfaceOrientations_iPhone = "UIInterfaceOrientationPortrait UIInterfaceOrientationLandscapeLeft UIInterfaceOrientationLandscapeRight";
				IPHONEOS_DEPLOYMENT_TARGET = 17.0;
				LD_RUNPATH_SEARCH_PATHS = "@executable_path/Frameworks";
				"LD_RUNPATH_SEARCH_PATHS[sdk=macosx*]" = "@executable_path/../Frameworks";
				MACOSX_DEPLOYMENT_TARGET = 13.4;
				MARKETING_VERSION = 1.0;
				PRODUCT_BUNDLE_IDENTIFIER = io.allsunday.Example.Example;
				PRODUCT_NAME = "$(TARGET_NAME)";
				SDKROOT = auto;
				SUPPORTED_PLATFORMS = "iphoneos iphonesimulator macosx";
				SWIFT_EMIT_LOC_STRINGS = YES;
				SWIFT_VERSION = 5.0;
				TARGETED_DEVICE_FAMILY = "1,2";
			};
			name = Debug;
		};
		574CB6272A4FDB3300E54E6B /* Release */ = {
			isa = XCBuildConfiguration;
			buildSettings = {
				ASSETCATALOG_COMPILER_APPICON_NAME = AppIcon;
				ASSETCATALOG_COMPILER_GLOBAL_ACCENT_COLOR_NAME = AccentColor;
				CODE_SIGN_ENTITLEMENTS = Example/Example.entitlements;
				CODE_SIGN_STYLE = Automatic;
				CURRENT_PROJECT_VERSION = 1;
				DEVELOPMENT_ASSET_PATHS = "\"Example/Preview Content\"";
				DEVELOPMENT_TEAM = 6NVVN7F4WA;
				ENABLE_HARDENED_RUNTIME = YES;
				ENABLE_PREVIEWS = YES;
				GENERATE_INFOPLIST_FILE = YES;
				"INFOPLIST_KEY_UIApplicationSceneManifest_Generation[sdk=iphoneos*]" = YES;
				"INFOPLIST_KEY_UIApplicationSceneManifest_Generation[sdk=iphonesimulator*]" = YES;
				"INFOPLIST_KEY_UIApplicationSupportsIndirectInputEvents[sdk=iphoneos*]" = YES;
				"INFOPLIST_KEY_UIApplicationSupportsIndirectInputEvents[sdk=iphonesimulator*]" = YES;
				"INFOPLIST_KEY_UILaunchScreen_Generation[sdk=iphoneos*]" = YES;
				"INFOPLIST_KEY_UILaunchScreen_Generation[sdk=iphonesimulator*]" = YES;
				"INFOPLIST_KEY_UIStatusBarStyle[sdk=iphoneos*]" = UIStatusBarStyleDefault;
				"INFOPLIST_KEY_UIStatusBarStyle[sdk=iphonesimulator*]" = UIStatusBarStyleDefault;
				INFOPLIST_KEY_UISupportedInterfaceOrientations_iPad = "UIInterfaceOrientationPortrait UIInterfaceOrientationPortraitUpsideDown UIInterfaceOrientationLandscapeLeft UIInterfaceOrientationLandscapeRight";
				INFOPLIST_KEY_UISupportedInterfaceOrientations_iPhone = "UIInterfaceOrientationPortrait UIInterfaceOrientationLandscapeLeft UIInterfaceOrientationLandscapeRight";
				IPHONEOS_DEPLOYMENT_TARGET = 17.0;
				LD_RUNPATH_SEARCH_PATHS = "@executable_path/Frameworks";
				"LD_RUNPATH_SEARCH_PATHS[sdk=macosx*]" = "@executable_path/../Frameworks";
				MACOSX_DEPLOYMENT_TARGET = 13.4;
				MARKETING_VERSION = 1.0;
				PRODUCT_BUNDLE_IDENTIFIER = io.allsunday.Example.Example;
				PRODUCT_NAME = "$(TARGET_NAME)";
				SDKROOT = auto;
				SUPPORTED_PLATFORMS = "iphoneos iphonesimulator macosx";
				SWIFT_EMIT_LOC_STRINGS = YES;
				SWIFT_VERSION = 5.0;
				TARGETED_DEVICE_FAMILY = "1,2";
			};
			name = Release;
		};
		574CB6292A4FDB3300E54E6B /* Debug */ = {
			isa = XCBuildConfiguration;
			buildSettings = {
				ALWAYS_EMBED_SWIFT_STANDARD_LIBRARIES = YES;
				BUNDLE_LOADER = "$(TEST_HOST)";
				CODE_SIGN_STYLE = Automatic;
				CURRENT_PROJECT_VERSION = 1;
				DEVELOPMENT_TEAM = 6NVVN7F4WA;
				GENERATE_INFOPLIST_FILE = YES;
				IPHONEOS_DEPLOYMENT_TARGET = 17.0;
				MACOSX_DEPLOYMENT_TARGET = 13.4;
				MARKETING_VERSION = 1.0;
				PRODUCT_BUNDLE_IDENTIFIER = io.allsunday.Example.ExampleTests;
				PRODUCT_NAME = "$(TARGET_NAME)";
				SDKROOT = auto;
				SUPPORTED_PLATFORMS = "iphoneos iphonesimulator macosx";
				SWIFT_EMIT_LOC_STRINGS = NO;
				SWIFT_VERSION = 5.0;
				TARGETED_DEVICE_FAMILY = "1,2";
				TEST_HOST = "$(BUILT_PRODUCTS_DIR)/Example.app/$(BUNDLE_EXECUTABLE_FOLDER_PATH)/Example";
			};
			name = Debug;
		};
		574CB62A2A4FDB3300E54E6B /* Release */ = {
			isa = XCBuildConfiguration;
			buildSettings = {
				ALWAYS_EMBED_SWIFT_STANDARD_LIBRARIES = YES;
				BUNDLE_LOADER = "$(TEST_HOST)";
				CODE_SIGN_STYLE = Automatic;
				CURRENT_PROJECT_VERSION = 1;
				DEVELOPMENT_TEAM = 6NVVN7F4WA;
				GENERATE_INFOPLIST_FILE = YES;
				IPHONEOS_DEPLOYMENT_TARGET = 17.0;
				MACOSX_DEPLOYMENT_TARGET = 13.4;
				MARKETING_VERSION = 1.0;
				PRODUCT_BUNDLE_IDENTIFIER = io.allsunday.Example.ExampleTests;
				PRODUCT_NAME = "$(TARGET_NAME)";
				SDKROOT = auto;
				SUPPORTED_PLATFORMS = "iphoneos iphonesimulator macosx";
				SWIFT_EMIT_LOC_STRINGS = NO;
				SWIFT_VERSION = 5.0;
				TARGETED_DEVICE_FAMILY = "1,2";
				TEST_HOST = "$(BUILT_PRODUCTS_DIR)/Example.app/$(BUNDLE_EXECUTABLE_FOLDER_PATH)/Example";
			};
			name = Release;
		};
		574CB62C2A4FDB3300E54E6B /* Debug */ = {
			isa = XCBuildConfiguration;
			buildSettings = {
				ALWAYS_EMBED_SWIFT_STANDARD_LIBRARIES = YES;
				CODE_SIGN_STYLE = Automatic;
				CURRENT_PROJECT_VERSION = 1;
				DEVELOPMENT_TEAM = 6NVVN7F4WA;
				GENERATE_INFOPLIST_FILE = YES;
				IPHONEOS_DEPLOYMENT_TARGET = 17.0;
				MACOSX_DEPLOYMENT_TARGET = 13.4;
				MARKETING_VERSION = 1.0;
				PRODUCT_BUNDLE_IDENTIFIER = io.allsunday.Example.ExampleUITests;
				PRODUCT_NAME = "$(TARGET_NAME)";
				SDKROOT = auto;
				SUPPORTED_PLATFORMS = "iphoneos iphonesimulator macosx";
				SWIFT_EMIT_LOC_STRINGS = NO;
				SWIFT_VERSION = 5.0;
				TARGETED_DEVICE_FAMILY = "1,2";
				TEST_TARGET_NAME = Example;
			};
			name = Debug;
		};
		574CB62D2A4FDB3300E54E6B /* Release */ = {
			isa = XCBuildConfiguration;
			buildSettings = {
				ALWAYS_EMBED_SWIFT_STANDARD_LIBRARIES = YES;
				CODE_SIGN_STYLE = Automatic;
				CURRENT_PROJECT_VERSION = 1;
				DEVELOPMENT_TEAM = 6NVVN7F4WA;
				GENERATE_INFOPLIST_FILE = YES;
				IPHONEOS_DEPLOYMENT_TARGET = 17.0;
				MACOSX_DEPLOYMENT_TARGET = 13.4;
				MARKETING_VERSION = 1.0;
				PRODUCT_BUNDLE_IDENTIFIER = io.allsunday.Example.ExampleUITests;
				PRODUCT_NAME = "$(TARGET_NAME)";
				SDKROOT = auto;
				SUPPORTED_PLATFORMS = "iphoneos iphonesimulator macosx";
				SWIFT_EMIT_LOC_STRINGS = NO;
				SWIFT_VERSION = 5.0;
				TARGETED_DEVICE_FAMILY = "1,2";
				TEST_TARGET_NAME = Example;
			};
			name = Release;
		};
/* End XCBuildConfiguration section */

/* Begin XCConfigurationList section */
		574CB5FB2A4FDB3200E54E6B /* Build configuration list for PBXProject "Example" */ = {
			isa = XCConfigurationList;
			buildConfigurations = (
				574CB6232A4FDB3300E54E6B /* Debug */,
				574CB6242A4FDB3300E54E6B /* Release */,
			);
			defaultConfigurationIsVisible = 0;
			defaultConfigurationName = Release;
		};
		574CB6252A4FDB3300E54E6B /* Build configuration list for PBXNativeTarget "Example" */ = {
			isa = XCConfigurationList;
			buildConfigurations = (
				574CB6262A4FDB3300E54E6B /* Debug */,
				574CB6272A4FDB3300E54E6B /* Release */,
			);
			defaultConfigurationIsVisible = 0;
			defaultConfigurationName = Release;
		};
		574CB6282A4FDB3300E54E6B /* Build configuration list for PBXNativeTarget "ExampleTests" */ = {
			isa = XCConfigurationList;
			buildConfigurations = (
				574CB6292A4FDB3300E54E6B /* Debug */,
				574CB62A2A4FDB3300E54E6B /* Release */,
			);
			defaultConfigurationIsVisible = 0;
			defaultConfigurationName = Release;
		};
		574CB62B2A4FDB3300E54E6B /* Build configuration list for PBXNativeTarget "ExampleUITests" */ = {
			isa = XCConfigurationList;
			buildConfigurations = (
				574CB62C2A4FDB3300E54E6B /* Debug */,
				574CB62D2A4FDB3300E54E6B /* Release */,
			);
			defaultConfigurationIsVisible = 0;
			defaultConfigurationName = Release;
		};
/* End XCConfigurationList section */

/* Begin XCSwiftPackageProductDependency section */
		574CB62F2A4FDB5C00E54E6B /* StreamAudio */ = {
			isa = XCSwiftPackageProductDependency;
			productName = StreamAudio;
		};
		574CB6322A4FDB9000E54E6B /* StreamAudio */ = {
			isa = XCSwiftPackageProductDependency;
			productName = StreamAudio;
		};
		574CB6352A4FDC4900E54E6B /* StreamAudio */ = {
			isa = XCSwiftPackageProductDependency;
			productName = StreamAudio;
		};
/* End XCSwiftPackageProductDependency section */
	};
	rootObject = 574CB5F82A4FDB3200E54E6B /* Project object */;
}
